
Microsoft Visual Studio Solution File, Format Version 12.00
# Visual Studio Version 16
VisualStudioVersion = 16.0.30330.147
MinimumVisualStudioVersion = 10.0.40219.1
Project("{9A19103F-16F7-4668-BE54-9A1E7A4F7556}") = "raktarProgram", "raktarProgram.csproj", "{F7A271B2-F8A9-4979-A6AB-3EE0D8A1BC1F}"
EndProject
Project("{9A19103F-16F7-4668-BE54-9A1E7A4F7556}") = "raktarProgramTests", "..\raktarProgramTests\raktarProgramTests.csproj", "{C2765F74-3DE0-458F-9B3A-EDCDA694CC81}"
EndProject
Global
	GlobalSection(SolutionConfigurationPlatforms) = preSolution
		Debug|Any CPU = Debug|Any CPU
		Release|Any CPU = Release|Any CPU
	EndGlobalSection
	GlobalSection(ProjectConfigurationPlatforms) = postSolution
		{F7A271B2-F8A9-4979-A6AB-3EE0D8A1BC1F}.Debug|Any CPU.ActiveCfg = Debug|Any CPU
		{F7A271B2-F8A9-4979-A6AB-3EE0D8A1BC1F}.Debug|Any CPU.Build.0 = Debug|Any CPU
		{F7A271B2-F8A9-4979-A6AB-3EE0D8A1BC1F}.Release|Any CPU.ActiveCfg = Release|Any CPU
		{F7A271B2-F8A9-4979-A6AB-3EE0D8A1BC1F}.Release|Any CPU.Build.0 = Release|Any CPU
		{C2765F74-3DE0-458F-9B3A-EDCDA694CC81}.Debug|Any CPU.ActiveCfg = Debug|Any CPU
		{C2765F74-3DE0-458F-9B3A-EDCDA694CC81}.Debug|Any CPU.Build.0 = Debug|Any CPU
		{C2765F74-3DE0-458F-9B3A-EDCDA694CC81}.Release|Any CPU.ActiveCfg = Release|Any CPU
		{C2765F74-3DE0-458F-9B3A-EDCDA694CC81}.Release|Any CPU.Build.0 = Release|Any CPU
	EndGlobalSection
	GlobalSection(SolutionProperties) = preSolution
		HideSolutionNode = FALSE
	EndGlobalSection
	GlobalSection(ExtensibilityGlobals) = postSolution
		SolutionGuid = {55E57CB6-C4CA-4D3A-B6E3-58C215B9E35A}
	EndGlobalSection
EndGlobal
